
Microsoft Visual Studio Solution File, Format Version 12.00
# Visual Studio Version 16
VisualStudioVersion = 16.0.29905.134
MinimumVisualStudioVersion = 10.0.40219.1
Project("{FAE04EC0-301F-11D3-BF4B-00C04F79EFBC}") = "WindowsFormsApp1", "WindowsFormsApp1.csproj", "{3192CFA0-4400-4014-A880-9E09B387963D}"
EndProject
Global
	GlobalSection(SolutionConfigurationPlatforms) = preSolution
		Debug|Any CPU = Debug|Any CPU
		Release|Any CPU = Release|Any CPU
	EndGlobalSection
	GlobalSection(ProjectConfigurationPlatforms) = postSolution
		{3192CFA0-4400-4014-A880-9E09B387963D}.Debug|Any CPU.ActiveCfg = Debug|Any CPU
		{3192CFA0-4400-4014-A880-9E09B387963D}.Debug|Any CPU.Build.0 = Debug|Any CPU
		{3192CFA0-4400-4014-A880-9E09B387963D}.Release|Any CPU.ActiveCfg = Release|Any CPU
		{3192CFA0-4400-4014-A880-9E09B387963D}.Release|Any CPU.Build.0 = Release|Any CPU
	EndGlobalSection
	GlobalSection(SolutionProperties) = preSolution
		HideSolutionNode = FALSE
	EndGlobalSection
	GlobalSection(ExtensibilityGlobals) = postSolution
		SolutionGuid = {C1CDF548-2EFF-4A31-8CA7-AD21860C5B4E}
	EndGlobalSection
EndGlobal
